# This file was autogenerated by Stack.
# You should not edit this file by hand.
# For more information, please see the documentation at:
#   https://docs.haskellstack.org/en/stable/lock_files

packages:
- completed:
    hackage: random-1.2.0@sha256:30d72df4cc1d2fe2d445c88f0ee9d21965af7ce86660c43a6c32a6a1d90d51c9,6094
    pantry-tree:
      size: 1259
      sha256: 92b5a834ba603ee4d006968a75847f4fd93a566b8a96e1b463b8229f8ce9961d
  original:
    hackage: random-1.2.0
- completed:
    hackage: splitmix-0.1.0.3@sha256:fc3aae74c467f4b608050bef53aec17904a618731df9407e655d8f3bf8c32d5c,6049
    pantry-tree:
      size: 1400
      sha256: 8290f921f41c3628a6c9871502e57fd1d25f5954967afbf4ed16717fd8d3656f
  original:
    hackage: splitmix-0.1.0.3
- completed:
    hackage: text-format-simple-1.1.0@sha256:5815236396328f556b9896fdcb949d15b485ef05394c9dc846e94b0306cb4036,735
    pantry-tree:
      size: 215
      sha256: 026136165778e83cb04c587b3609d95731ccf35da07249c9eb0f29ceb6946cbb
  original:
    hackage: text-format-simple-1.1.0
- completed:
    hackage: Chart-diagrams-1.9.3@sha256:1535d5d0d3febca63138cecfde234315212611c21bb7f4358b2dae8c55c59003,1801
    pantry-tree:
      size: 934
      sha256: 21558b4300fb173ae47c492d600c836e8a3b744a98372aeb5a5e5d40dd1dee2d
  original:
    hackage: Chart-diagrams-1.9.3
- completed:
    hackage: SVGFonts-1.7.0.1@sha256:af422f17a3a87f2d7185ba7ea4b1cf693f71c164e99ce7386f1902145db25df0,3909
    pantry-tree:
      size: 1836
      sha256: 13f2c1b8ad72eefc1adb87229a2ccdc11be680dafe2fd7c65d52d751dcf885c8
  original:
    hackage: SVGFonts-1.7.0.1
- completed:
    hackage: diagrams-core-1.4.2@sha256:47de45658e8a805b7cb7f535e7b093daf7e861604fa3c70e25bd4ef481bf1571,2997
    pantry-tree:
      size: 2018
      sha256: 00c9bd036e8552d494c912774f05fb9b5752022b4827d3e815ad016a3cb6e16b
  original:
    hackage: diagrams-core-1.4.2
- completed:
    hackage: diagrams-lib-1.4.3@sha256:04f77778d4b550d3c8e54440800685f88467bef91075e82e009a8a6f45c51033,8232
    pantry-tree:
      size: 11604
      sha256: bf481bb5bbbd135a778be4cc69cc2f857944dc5d3b856894effaddc9279adf58
  original:
    hackage: diagrams-lib-1.4.3
- completed:
    hackage: diagrams-postscript-1.5@sha256:666dcc41d0a2942c884077b070ea0dd71c586567944fa4f67976251c717587b2,2379
    pantry-tree:
      size: 480
      sha256: 86eb388c52d91deb8da273270de2f6308b111161e7618e06e3fa41e9af8911e5
  original:
    hackage: diagrams-postscript-1.5
- completed:
    hackage: diagrams-svg-1.4.3@sha256:36708b0b4cf35507ccf689f1a25f6f81b8f41c2c4c2900793de820f66d4e241c,3181
    pantry-tree:
      size: 475
      sha256: 2a2f10e8c32a6c181a06494e13a462e00f77e98ad346fd99c123afa3fa89f9e1
  original:
    hackage: diagrams-svg-1.4.3
- completed:
    hackage: svg-builder-0.1.1@sha256:22de54d326a6b6912e461e1302edb9108b02aac0b6a6368fcdc3c4a224d487fd,1440
    pantry-tree:
      size: 535
      sha256: 677ee9598c5dedb3ef8959c26a6c65f29b3e1e3c5e83433921aef17d86a22d50
  original:
    hackage: svg-builder-0.1.1
- completed:
    hackage: active-0.2.0.14@sha256:e618aba4a7881eb85dc1585e0a01230af6b4fbab6693931e4a5d0d3a5b184406,1823
    pantry-tree:
      size: 1017
      sha256: 9326ee3500f7bb1adea18f581dc51ebdb522677d8cddc847a506ba5d328ee723
  original:
    hackage: active-0.2.0.14
- completed:
    hackage: dual-tree-0.2.2.1@sha256:9ff31e461d873ae74ba51d93b454c0c4094726d7cb78a0c454394c965e83539d,2830
    pantry-tree:
      size: 387
      sha256: 70ea91862ac301648d63e9c69d0ff8154b1d3c9c632d224d4002c027861ec33e
  original:
    hackage: dual-tree-0.2.2.1
- completed:
    hackage: monoid-extras-0.5.1@sha256:438dbfd7b4dce47d8f0ca577f56caf94bd1e21391afa545cad09fe7cf2e5793d,2333
    pantry-tree:
      size: 1187
      sha256: 52bc06f799bd7f19f0a16f89e6cdcfba4db93339fa9a6e4bcfdb4b49245dffdb
  original:
    hackage: monoid-extras-0.5.1
- completed:
    hackage: statestack-0.3@sha256:36131f4e7c9a821a7460a2e54cda51e28c4ae1161f7bba4b0b254f8d4241efe4,1071
    pantry-tree:
      size: 272
      sha256: 24c3fd6f5333ea45904648a14f8a570ac68bed8d955ae91d4247eff98e8f9534
  original:
    hackage: statestack-0.3
- completed:
    hackage: blaze-colonnade-1.2.2.1@sha256:e3c606b5695dcc680dbecd42d23008ba18c6d3cf272639d62857d5118dac112d,1394
    pantry-tree:
      size: 279
      sha256: 14989a3fe4813e0148fae583e209e724db3ba554e2455348e0f54b8f709bd4fe
  original:
    hackage: blaze-colonnade-1.2.2.1
- completed:
    hackage: colonnade-1.2.0.2@sha256:c95c2ecff5cfa28c736d8fa662d28b71129f67457068e3f4467b296a621607ab,2099
    pantry-tree:
      size: 327
      sha256: 98ccdd327916e0ff0ea2fa93ff9a96f5d492ae88258b330e991e6dcc4d332496
  original:
    hackage: colonnade-1.2.0.2
- completed:
    hackage: cabal-install-3.4.0.0@sha256:485d70a4d00fce9cfe29bfcf65d5b469ad21528baf2ccaed9410884b66118f56,16490
    pantry-tree:
      size: 20495
      sha256: bff50bfe4142251be51e640e8df349c43d29798b69b39c5578b9e22d2ba15ba2
  original:
    hackage: cabal-install-3.4.0.0
snapshots:
- completed:
    size: 565720
    url: https://raw.githubusercontent.com/commercialhaskell/stackage-snapshots/master/lts/17/8.yaml
    sha256: 76bf8992ff8dfe6eda9c02f81866138c2369344d5011ab39ae403457c4448b03
  original: lts-17.8
